
Microsoft Visual Studio Solution File, Format Version 12.00
# Visual Studio Version 17
VisualStudioVersion = 17.4.33110.190
MinimumVisualStudioVersion = 10.0.40219.1
Project("{9A19103F-16F7-4668-BE54-9A1E7A4F7556}") = "Interstellar", "Interstellar\Interstellar.csproj", "{454FB4F6-1796-400D-9F28-7389BCAB8619}"
EndProject
Project("{9A19103F-16F7-4668-BE54-9A1E7A4F7556}") = "Interstellar.Examples", "Interstellar.Examples\Interstellar.Examples.csproj", "{42790AE0-72B3-4C41-B8BC-09D426387CD6}"
EndProject
Global
	GlobalSection(SolutionConfigurationPlatforms) = preSolution
		Debug|Any CPU = Debug|Any CPU
		Release|Any CPU = Release|Any CPU
	EndGlobalSection
	GlobalSection(ProjectConfigurationPlatforms) = postSolution
		{454FB4F6-1796-400D-9F28-7389BCAB8619}.Debug|Any CPU.ActiveCfg = Debug|Any CPU
		{454FB4F6-1796-400D-9F28-7389BCAB8619}.Debug|Any CPU.Build.0 = Debug|Any CPU
		{454FB4F6-1796-400D-9F28-7389BCAB8619}.Release|Any CPU.ActiveCfg = Release|Any CPU
		{454FB4F6-1796-400D-9F28-7389BCAB8619}.Release|Any CPU.Build.0 = Release|Any CPU
		{42790AE0-72B3-4C41-B8BC-09D426387CD6}.Debug|Any CPU.ActiveCfg = Debug|Any CPU
		{42790AE0-72B3-4C41-B8BC-09D426387CD6}.Debug|Any CPU.Build.0 = Debug|Any CPU
		{42790AE0-72B3-4C41-B8BC-09D426387CD6}.Release|Any CPU.ActiveCfg = Release|Any CPU
		{42790AE0-72B3-4C41-B8BC-09D426387CD6}.Release|Any CPU.Build.0 = Release|Any CPU
	EndGlobalSection
	GlobalSection(SolutionProperties) = preSolution
		HideSolutionNode = FALSE
	EndGlobalSection
	GlobalSection(ExtensibilityGlobals) = postSolution
		SolutionGuid = {4351BF7C-6733-4DB6-8EC7-5B1141D2F748}
	EndGlobalSection
EndGlobal
